# THIS IS AN AUTOGENERATED FILE. DO NOT EDIT THIS FILE DIRECTLY.
# yarn lockfile v1


convert-array-to-csv@^1.0.9:
  version "1.0.9"
  resolved "https://registry.yarnpkg.com/convert-array-to-csv/-/convert-array-to-csv-1.0.9.tgz#3e2bae6aebbb15b2c01e3d1b1a989dcf519ed8e9"
  integrity sha512-fLwMQ7anEfMI8I66rtf9oaUYaYsmrw5w/Fdl1Pw/JziwN0gdScj9Re55z9RtVHf4+aZgPN4iCBblht4Ya1bgHw==
