{
  "name": "ncov-memory-gitpage",
  "version": "0.1.0",
  "lockfileVersion": 1,
  "requires": true,
  "dependencies": {
    "error-ex": {
      "version": "git+https://github.com/Qix-/node-error-ex.git#0fa2d9fd083462383998b961f8edd3b6a00a2a21",
      "from": "git+https://github.com/Qix-/node-error-ex.git",
      "requires": {
        "is-arrayish": "^0.2.1"
      }
    },
    "is-arrayish": {
      "version": "0.2.1",
      "resolved": "https://registry.npmjs.org/is-arrayish/-/is-arrayish-0.2.1.tgz",
      "integrity": "sha1-d8mYQFJ6qOyxqLppe4BkWnqSap0="
    }
  }
}
